
Microsoft Visual Studio Solution File, Format Version 12.00
# Visual Studio Version 17
VisualStudioVersion = 17.6.33815.320
MinimumVisualStudioVersion = 10.0.40219.1
Project("{FAE04EC0-301F-11D3-BF4B-00C04F79EFBC}") = "MyWebApp", "MyWebApp\MyWebApp.csproj", "{8AB9C2D8-2D23-4E70-B7EC-C38E8ACADC4B}"
EndProject
Global
	GlobalSection(SolutionConfigurationPlatforms) = preSolution
		Debug|Any CPU = Debug|Any CPU
		Release|Any CPU = Release|Any CPU
	EndGlobalSection
	GlobalSection(ProjectConfigurationPlatforms) = postSolution
		{8AB9C2D8-2D23-4E70-B7EC-C38E8ACADC4B}.Debug|Any CPU.ActiveCfg = Debug|Any CPU
		{8AB9C2D8-2D23-4E70-B7EC-C38E8ACADC4B}.Debug|Any CPU.Build.0 = Debug|Any CPU
		{8AB9C2D8-2D23-4E70-B7EC-C38E8ACADC4B}.Release|Any CPU.ActiveCfg = Release|Any CPU
		{8AB9C2D8-2D23-4E70-B7EC-C38E8ACADC4B}.Release|Any CPU.Build.0 = Release|Any CPU
	EndGlobalSection
	GlobalSection(SolutionProperties) = preSolution
		HideSolutionNode = FALSE
	EndGlobalSection
	GlobalSection(ExtensibilityGlobals) = postSolution
		SolutionGuid = {B5175C99-DED0-4FB0-AAB5-A84C6A7594BF}
	EndGlobalSection
EndGlobal
